
Microsoft Visual Studio Solution File, Format Version 12.00
# Visual Studio Version 17
VisualStudioVersion = 17.2.32519.379
MinimumVisualStudioVersion = 10.0.40219.1
Project("{FAE04EC0-301F-11D3-BF4B-00C04F79EFBC}") = "Xagros", "Xagros\Xagros.csproj", "{E3B6FCE2-78B1-47C5-9CBC-DBE1FE99EEC2}"
EndProject
Global
	GlobalSection(SolutionConfigurationPlatforms) = preSolution
		Debug|Any CPU = Debug|Any CPU
		Release|Any CPU = Release|Any CPU
	EndGlobalSection
	GlobalSection(ProjectConfigurationPlatforms) = postSolution
		{E3B6FCE2-78B1-47C5-9CBC-DBE1FE99EEC2}.Debug|Any CPU.ActiveCfg = Debug|Any CPU
		{E3B6FCE2-78B1-47C5-9CBC-DBE1FE99EEC2}.Debug|Any CPU.Build.0 = Debug|Any CPU
		{E3B6FCE2-78B1-47C5-9CBC-DBE1FE99EEC2}.Release|Any CPU.ActiveCfg = Release|Any CPU
		{E3B6FCE2-78B1-47C5-9CBC-DBE1FE99EEC2}.Release|Any CPU.Build.0 = Release|Any CPU
	EndGlobalSection
	GlobalSection(SolutionProperties) = preSolution
		HideSolutionNode = FALSE
	EndGlobalSection
	GlobalSection(ExtensibilityGlobals) = postSolution
		SolutionGuid = {2613BAF3-9551-40BC-A95E-589D77F72339}
	EndGlobalSection
EndGlobal
